<?xml version="1.0" encoding="utf-8"?>
<Project ToolsVersion="4.0" xmlns="http://schemas.microsoft.com/developer/msbuild/2003">
  <ItemGroup>
    <Filter Include="Source Files">
      <UniqueIdentifier>{4FC737F1-C7A5-4376-A066-2A32D752A2FF}</UniqueIdentifier>
      <Extensions>cpp;c;cc;cxx;c++;cppm;ixx;def;odl;idl;hpj;bat;asm;asmx</Extensions>
    </Filter>
    <Filter Include="Header Files">
      <UniqueIdentifier>{93995380-89BD-4b04-88EB-625FBE52EBFB}</UniqueIdentifier>
      <Extensions>h;hh;hpp;hxx;h++;hm;inl;inc;ipp;xsd</Extensions>
    </Filter>
    <Filter Include="Resource Files">
      <UniqueIdentifier>{67DA6AB6-F800-4c08-8B7A-83BB121AAD01}</UniqueIdentifier>
      <Extensions>rc;ico;cur;bmp;dlg;rc2;rct;bin;rgs;gif;jpg;jpeg;jpe;resx;tiff;tif;png;wav;mfcribbon-ms</Extensions>
    </Filter>
    <Filter Include="Header Files\Commands">
      <UniqueIdentifier>{86ab6d3b-51bd-4153-b57d-eb2fc3ade1e7}</UniqueIdentifier>
    </Filter>
    <Filter Include="Source Files\Commands">
      <UniqueIdentifier>{c116d4ad-07d1-40f9-9ac3-d35e83b311cb}</UniqueIdentifier>
    </Filter>
    <Filter Include="Header Files\Components">
      <UniqueIdentifier>{7527d123-874c-4212-9029-358de445cfe1}</UniqueIdentifier>
    </Filter>
    <Filter Include="Source Files\Components">
      <UniqueIdentifier>{81aa25bd-f2cf-4562-aaaf-8b6493426df3}</UniqueIdentifier>
    </Filter>
    <Filter Include="Header Files\Characters">
      <UniqueIdentifier>{a013244c-8292-48b0-8ec7-172e29319fa6}</UniqueIdentifier>
    </Filter>
    <Filter Include="Header Files\Characters\Enemies">
      <UniqueIdentifier>{c5115133-8e97-4f86-b495-4c0a2f1c4380}</UniqueIdentifier>
    </Filter>
    <Filter Include="Header Files\Characters\Enemies\Pooka">
      <UniqueIdentifier>{e56a9b81-221a-4db5-95dc-3ab0f9656e7c}</UniqueIdentifier>
    </Filter>
    <Filter Include="Header Files\Characters\Enemies\Pooka\States">
      <UniqueIdentifier>{0544c133-46ae-4595-8059-38e33611dcf3}</UniqueIdentifier>
    </Filter>
    <Filter Include="Source Files\Characters">
      <UniqueIdentifier>{0945f0fb-e325-441b-9d5e-04c14aa065c6}</UniqueIdentifier>
    </Filter>
    <Filter Include="Source Files\Characters\Enemies">
      <UniqueIdentifier>{3291eda1-c7d6-43e9-a660-2e290059c036}</UniqueIdentifier>
    </Filter>
    <Filter Include="Source Files\Characters\Enemies\Pooka">
      <UniqueIdentifier>{673e5e07-3145-4e26-bb41-7c57d066daba}</UniqueIdentifier>
    </Filter>
    <Filter Include="Source Files\Characters\Enemies\Pooka\States">
      <UniqueIdentifier>{94699243-2062-4b9f-9bdf-d92aabbc02cc}</UniqueIdentifier>
    </Filter>
    <Filter Include="Source Files\SelfMadeClasses">
      <UniqueIdentifier>{ddfeed78-edea-4e51-bbde-1b2ba21587b2}</UniqueIdentifier>
    </Filter>
    <Filter Include="Header Files\SelfMadeClasses">
      <UniqueIdentifier>{94c1147a-d661-4a0d-be2d-585961517ff2}</UniqueIdentifier>
    </Filter>
    <Filter Include="Source Files\Characters\Enemies\Fygar">
      <UniqueIdentifier>{f132ad74-10a5-47d0-a424-4fd37f282969}</UniqueIdentifier>
    </Filter>
    <Filter Include="Header Files\Characters\Enemies\Fygar">
      <UniqueIdentifier>{76c7f736-9063-4140-b9ef-1e3da43eb2aa}</UniqueIdentifier>
    </Filter>
    <Filter Include="Source Files\Characters\Enemies\Fygar\States">
      <UniqueIdentifier>{cc33d2e5-2112-4b1b-9363-cac6cd240b75}</UniqueIdentifier>
    </Filter>
    <Filter Include="Header Files\Characters\Enemies\Fygar\States">
      <UniqueIdentifier>{a826275f-f3e8-414e-8031-58f9180f69d2}</UniqueIdentifier>
    </Filter>
    <Filter Include="Header Files\Characters\DigDug">
      <UniqueIdentifier>{7188550a-8afc-4897-97ec-1b052859efad}</UniqueIdentifier>
    </Filter>
    <Filter Include="Source Files\Characters\DigDug">
      <UniqueIdentifier>{d4316699-cd28-4f41-800b-7ca2f96ce28f}</UniqueIdentifier>
    </Filter>
    <Filter Include="Header Files\Characters\DigDug\States">
      <UniqueIdentifier>{ca43494a-bd72-4f3e-9890-ebea211e0610}</UniqueIdentifier>
    </Filter>
    <Filter Include="Source Files\Characters\DigDug\States">
      <UniqueIdentifier>{a28133f1-74d6-4020-93b0-b10f63a52428}</UniqueIdentifier>
    </Filter>
  </ItemGroup>
  <ItemGroup>
    <ClCompile Include="DigDug.cpp">
      <Filter>Source Files</Filter>
    </ClCompile>
    <ClCompile Include="KillCommand.cpp">
      <Filter>Source Files\Commands</Filter>
    </ClCompile>
    <ClCompile Include="FpsComponent.cpp">
      <Filter>Source Files\Components</Filter>
    </ClCompile>
    <ClCompile Include="HealthComponent.cpp">
      <Filter>Source Files\Components</Filter>
    </ClCompile>
    <ClCompile Include="MovementComponent.cpp">
      <Filter>Source Files\Components</Filter>
    </ClCompile>
    <ClCompile Include="PlayerObserverComponent.cpp">
      <Filter>Source Files\Components</Filter>
    </ClCompile>
    <ClCompile Include="RotatorComponent.cpp">
      <Filter>Source Files\Components</Filter>
    </ClCompile>
    <ClCompile Include="ScoreComponent.cpp">
      <Filter>Source Files\Components</Filter>
    </ClCompile>
    <ClCompile Include="TimerComponent.cpp">
      <Filter>Source Files\Components</Filter>
    </ClCompile>
    <ClCompile Include="ScoreCommand.cpp">
      <Filter>Source Files\Commands</Filter>
    </ClCompile>
    <ClCompile Include="SetDirectionCommand.cpp">
      <Filter>Source Files\Commands</Filter>
    </ClCompile>
    <ClCompile Include="ReleaseButtonCommand.cpp">
      <Filter>Source Files\Commands</Filter>
    </ClCompile>
    <ClCompile Include="GridComponent.cpp">
      <Filter>Source Files\Components</Filter>
    </ClCompile>
    <ClCompile Include="PookaWanderState.cpp">
      <Filter>Source Files\Characters\Enemies\Pooka\States</Filter>
    </ClCompile>
    <ClCompile Include="PookaGhostState.cpp">
      <Filter>Source Files\Characters\Enemies\Pooka\States</Filter>
    </ClCompile>
    <ClCompile Include="ToggleAudioCommand.cpp">
      <Filter>Source Files\Commands</Filter>
    </ClCompile>
    <ClCompile Include="LevelLoader.cpp">
      <Filter>Source Files\SelfMadeClasses</Filter>
    </ClCompile>
    <ClCompile Include="FygarGhostState.cpp">
      <Filter>Source Files\Characters\Enemies\Fygar\States</Filter>
    </ClCompile>
    <ClCompile Include="FygarWanderState.cpp">
      <Filter>Source Files\Characters\Enemies\Fygar\States</Filter>
    </ClCompile>
    <ClCompile Include="PlayerIdleState.cpp">
      <Filter>Source Files\Characters\DigDug\States</Filter>
    </ClCompile>
    <ClCompile Include="PlayerWalkingState.cpp">
      <Filter>Source Files\Characters\DigDug\States</Filter>
    </ClCompile>
    <ClCompile Include="PlayerAttackingState.cpp">
      <Filter>Source Files\Characters\DigDug\States</Filter>
    </ClCompile>
    <ClCompile Include="PlayerDyingState.cpp">
      <Filter>Source Files\Characters\DigDug\States</Filter>
    </ClCompile>
    <ClCompile Include="RegisterInputCommand.cpp">
      <Filter>Source Files\Commands</Filter>
    </ClCompile>
    <ClCompile Include="SwitchLevelCommand.cpp">
      <Filter>Source Files\Commands</Filter>
    </ClCompile>
  </ItemGroup>
  <ItemGroup>
    <ClInclude Include="KillCommand.h">
      <Filter>Header Files\Commands</Filter>
    </ClInclude>
    <ClInclude Include="FpsComponent.h">
      <Filter>Header Files\Components</Filter>
    </ClInclude>
    <ClInclude Include="HealthComponent.h">
      <Filter>Header Files\Components</Filter>
    </ClInclude>
    <ClInclude Include="MovementComponent.h">
      <Filter>Header Files\Components</Filter>
    </ClInclude>
    <ClInclude Include="PlayerObserverComponent.h">
      <Filter>Header Files\Components</Filter>
    </ClInclude>
    <ClInclude Include="RotatorComponent.h">
      <Filter>Header Files\Components</Filter>
    </ClInclude>
    <ClInclude Include="ScoreCommand.h">
      <Filter>Header Files\Commands</Filter>
    </ClInclude>
    <ClInclude Include="ScoreComponent.h">
      <Filter>Header Files\Components</Filter>
    </ClInclude>
    <ClInclude Include="SetDirectionCommand.h">
      <Filter>Header Files\Commands</Filter>
    </ClInclude>
    <ClInclude Include="TimerComponent.h">
      <Filter>Header Files\Components</Filter>
    </ClInclude>
    <ClInclude Include="ReleaseButtonCommand.h">
      <Filter>Header Files\Commands</Filter>
    </ClInclude>
    <ClInclude Include="GridComponent.h">
      <Filter>Header Files\Components</Filter>
    </ClInclude>
    <ClInclude Include="PookaWanderState.h">
      <Filter>Header Files\Characters\Enemies\Pooka\States</Filter>
    </ClInclude>
    <ClInclude Include="PookaGhostState.h">
      <Filter>Header Files\Characters\Enemies\Pooka\States</Filter>
    </ClInclude>
    <ClInclude Include="ToggleAudioCommand.h">
      <Filter>Header Files\Commands</Filter>
    </ClInclude>
    <ClInclude Include="LevelLoader.h">
      <Filter>Header Files\SelfMadeClasses</Filter>
    </ClInclude>
    <ClInclude Include="FygarGhostState.h">
      <Filter>Header Files\Characters\Enemies\Fygar\States</Filter>
    </ClInclude>
    <ClInclude Include="FygarWanderState.h">
      <Filter>Header Files\Characters\Enemies\Fygar\States</Filter>
    </ClInclude>
    <ClInclude Include="PlayerIdleState.h">
      <Filter>Header Files\Characters\DigDug\States</Filter>
    </ClInclude>
    <ClInclude Include="PlayerWalkingState.h">
      <Filter>Header Files\Characters\DigDug\States</Filter>
    </ClInclude>
    <ClInclude Include="PlayerAttackingState.h">
      <Filter>Header Files\Characters\DigDug\States</Filter>
    </ClInclude>
    <ClInclude Include="PlayerDyingState.h">
      <Filter>Header Files\Characters\DigDug\States</Filter>
    </ClInclude>
    <ClInclude Include="IPlayerStateBase.h">
      <Filter>Header Files\Characters\DigDug\States</Filter>
    </ClInclude>
    <ClInclude Include="RegisterInputCommand.h">
      <Filter>Header Files\Commands</Filter>
    </ClInclude>
    <ClInclude Include="SwitchLevelCommand.h">
      <Filter>Header Files\Commands</Filter>
    </ClInclude>
  </ItemGroup>
</Project>