<?xml version="1.0" encoding="utf-8"?>
<Project ToolsVersion="4.0" xmlns="http://schemas.microsoft.com/developer/msbuild/2003">
  <ItemGroup>
    <Filter Include="Source Files">
      <UniqueIdentifier>{4FC737F1-C7A5-4376-A066-2A32D752A2FF}</UniqueIdentifier>
      <Extensions>cpp;c;cc;cxx;c++;cppm;ixx;def;odl;idl;hpj;bat;asm;asmx</Extensions>
    </Filter>
    <Filter Include="Header Files">
      <UniqueIdentifier>{93995380-89BD-4b04-88EB-625FBE52EBFB}</UniqueIdentifier>
      <Extensions>h;hh;hpp;hxx;h++;hm;inl;inc;ipp;xsd</Extensions>
    </Filter>
    <Filter Include="Resource Files">
      <UniqueIdentifier>{67DA6AB6-F800-4c08-8B7A-83BB121AAD01}</UniqueIdentifier>
      <Extensions>rc;ico;cur;bmp;dlg;rc2;rct;bin;rgs;gif;jpg;jpeg;jpe;resx;tiff;tif;png;wav;mfcribbon-ms</Extensions>
    </Filter>
    <Filter Include="Header Files\Commands">
      <UniqueIdentifier>{86ab6d3b-51bd-4153-b57d-eb2fc3ade1e7}</UniqueIdentifier>
    </Filter>
    <Filter Include="Source Files\Commands">
      <UniqueIdentifier>{c116d4ad-07d1-40f9-9ac3-d35e83b311cb}</UniqueIdentifier>
    </Filter>
    <Filter Include="Header Files\Components">
      <UniqueIdentifier>{7527d123-874c-4212-9029-358de445cfe1}</UniqueIdentifier>
    </Filter>
    <Filter Include="Source Files\Components">
      <UniqueIdentifier>{81aa25bd-f2cf-4562-aaaf-8b6493426df3}</UniqueIdentifier>
    </Filter>
    <Filter Include="Header Files\Characters">
      <UniqueIdentifier>{a013244c-8292-48b0-8ec7-172e29319fa6}</UniqueIdentifier>
    </Filter>
    <Filter Include="Header Files\Characters\Enemies">
      <UniqueIdentifier>{c5115133-8e97-4f86-b495-4c0a2f1c4380}</UniqueIdentifier>
    </Filter>
    <Filter Include="Header Files\Characters\Enemies\Pooka">
      <UniqueIdentifier>{e56a9b81-221a-4db5-95dc-3ab0f9656e7c}</UniqueIdentifier>
    </Filter>
    <Filter Include="Header Files\Characters\Enemies\Pooka\States">
      <UniqueIdentifier>{0544c133-46ae-4595-8059-38e33611dcf3}</UniqueIdentifier>
    </Filter>
    <Filter Include="Source Files\Characters">
      <UniqueIdentifier>{0945f0fb-e325-441b-9d5e-04c14aa065c6}</UniqueIdentifier>
    </Filter>
    <Filter Include="Source Files\Characters\Enemies">
      <UniqueIdentifier>{3291eda1-c7d6-43e9-a660-2e290059c036}</UniqueIdentifier>
    </Filter>
    <Filter Include="Source Files\Characters\Enemies\Pooka">
      <UniqueIdentifier>{673e5e07-3145-4e26-bb41-7c57d066daba}</UniqueIdentifier>
    </Filter>
    <Filter Include="Source Files\Characters\Enemies\Pooka\States">
      <UniqueIdentifier>{94699243-2062-4b9f-9bdf-d92aabbc02cc}</UniqueIdentifier>
    </Filter>
  </ItemGroup>
  <ItemGroup>
    <ClCompile Include="DigDug.cpp">
      <Filter>Source Files</Filter>
    </ClCompile>
    <ClCompile Include="KillCommand.cpp">
      <Filter>Source Files\Commands</Filter>
    </ClCompile>
    <ClCompile Include="FpsComponent.cpp">
      <Filter>Source Files\Components</Filter>
    </ClCompile>
    <ClCompile Include="HealthComponent.cpp">
      <Filter>Source Files\Components</Filter>
    </ClCompile>
    <ClCompile Include="MovementComponent.cpp">
      <Filter>Source Files\Components</Filter>
    </ClCompile>
    <ClCompile Include="PlayerObserverComponent.cpp">
      <Filter>Source Files\Components</Filter>
    </ClCompile>
    <ClCompile Include="RotatorComponent.cpp">
      <Filter>Source Files\Components</Filter>
    </ClCompile>
    <ClCompile Include="ScoreComponent.cpp">
      <Filter>Source Files\Components</Filter>
    </ClCompile>
    <ClCompile Include="TimerComponent.cpp">
      <Filter>Source Files\Components</Filter>
    </ClCompile>
    <ClCompile Include="ScoreCommand.cpp">
      <Filter>Source Files\Commands</Filter>
    </ClCompile>
    <ClCompile Include="SetDirectionCommand.cpp">
      <Filter>Source Files\Commands</Filter>
    </ClCompile>
    <ClCompile Include="ReleaseButtonCommand.cpp">
      <Filter>Source Files\Commands</Filter>
    </ClCompile>
    <ClCompile Include="GridComponent.cpp">
      <Filter>Source Files\Components</Filter>
    </ClCompile>
    <ClCompile Include="PatrollingState.cpp">
      <Filter>Source Files\Characters\Enemies\Pooka\States</Filter>
    </ClCompile>
    <ClCompile Include="GhostState.cpp">
      <Filter>Source Files\Characters\Enemies\Pooka\States</Filter>
    </ClCompile>
    <ClCompile Include="ToggleAudioCommand.cpp">
      <Filter>Source Files\Commands</Filter>
    </ClCompile>
  </ItemGroup>
  <ItemGroup>
    <ClInclude Include="KillCommand.h">
      <Filter>Header Files\Commands</Filter>
    </ClInclude>
    <ClInclude Include="FpsComponent.h">
      <Filter>Header Files\Components</Filter>
    </ClInclude>
    <ClInclude Include="HealthComponent.h">
      <Filter>Header Files\Components</Filter>
    </ClInclude>
    <ClInclude Include="MovementComponent.h">
      <Filter>Header Files\Components</Filter>
    </ClInclude>
    <ClInclude Include="PlayerObserverComponent.h">
      <Filter>Header Files\Components</Filter>
    </ClInclude>
    <ClInclude Include="RotatorComponent.h">
      <Filter>Header Files\Components</Filter>
    </ClInclude>
    <ClInclude Include="ScoreCommand.h">
      <Filter>Header Files\Commands</Filter>
    </ClInclude>
    <ClInclude Include="ScoreComponent.h">
      <Filter>Header Files\Components</Filter>
    </ClInclude>
    <ClInclude Include="SetDirectionCommand.h">
      <Filter>Header Files\Commands</Filter>
    </ClInclude>
    <ClInclude Include="TimerComponent.h">
      <Filter>Header Files\Components</Filter>
    </ClInclude>
    <ClInclude Include="ReleaseButtonCommand.h">
      <Filter>Header Files\Commands</Filter>
    </ClInclude>
    <ClInclude Include="GridComponent.h">
      <Filter>Header Files\Components</Filter>
    </ClInclude>
    <ClInclude Include="PatrollingState.h">
      <Filter>Header Files\Characters\Enemies\Pooka\States</Filter>
    </ClInclude>
    <ClInclude Include="GhostState.h">
      <Filter>Header Files\Characters\Enemies\Pooka\States</Filter>
    </ClInclude>
    <ClInclude Include="ToggleAudioCommand.h">
      <Filter>Header Files\Commands</Filter>
    </ClInclude>
  </ItemGroup>
</Project>